
Microsoft Visual Studio Solution File, Format Version 12.00
# Visual Studio Version 17
VisualStudioVersion = 17.8.34525.116
MinimumVisualStudioVersion = 10.0.40219.1
Project("{FAE04EC0-301F-11D3-BF4B-00C04F79EFBC}") = "Passando", "Passando\Passando.csproj", "{CAF99B6F-FBC1-4F6F-AA3F-4A5D9CD69E4B}"
EndProject
Global
	GlobalSection(SolutionConfigurationPlatforms) = preSolution
		Debug|Any CPU = Debug|Any CPU
		Release|Any CPU = Release|Any CPU
	EndGlobalSection
	GlobalSection(ProjectConfigurationPlatforms) = postSolution
		{CAF99B6F-FBC1-4F6F-AA3F-4A5D9CD69E4B}.Debug|Any CPU.ActiveCfg = Debug|Any CPU
		{CAF99B6F-FBC1-4F6F-AA3F-4A5D9CD69E4B}.Debug|Any CPU.Build.0 = Debug|Any CPU
		{CAF99B6F-FBC1-4F6F-AA3F-4A5D9CD69E4B}.Release|Any CPU.ActiveCfg = Release|Any CPU
		{CAF99B6F-FBC1-4F6F-AA3F-4A5D9CD69E4B}.Release|Any CPU.Build.0 = Release|Any CPU
	EndGlobalSection
	GlobalSection(SolutionProperties) = preSolution
		HideSolutionNode = FALSE
	EndGlobalSection
	GlobalSection(ExtensibilityGlobals) = postSolution
		SolutionGuid = {BA7E1D90-0071-4578-A0D0-1AABBADC14BE}
	EndGlobalSection
EndGlobal
